
Microsoft Visual Studio Solution File, Format Version 12.00
# Visual Studio 15
VisualStudioVersion = 15.0.28010.2026
MinimumVisualStudioVersion = 10.0.40219.1
Project("{FAE04EC0-301F-11D3-BF4B-00C04F79EFBC}") = "Практика 12", "Практика 12\Практика 12.csproj", "{96A3C04C-0131-4D25-BDD7-191207B8AB6D}"
EndProject
Global
	GlobalSection(SolutionConfigurationPlatforms) = preSolution
		Debug|Any CPU = Debug|Any CPU
		Release|Any CPU = Release|Any CPU
	EndGlobalSection
	GlobalSection(ProjectConfigurationPlatforms) = postSolution
		{96A3C04C-0131-4D25-BDD7-191207B8AB6D}.Debug|Any CPU.ActiveCfg = Debug|Any CPU
		{96A3C04C-0131-4D25-BDD7-191207B8AB6D}.Debug|Any CPU.Build.0 = Debug|Any CPU
		{96A3C04C-0131-4D25-BDD7-191207B8AB6D}.Release|Any CPU.ActiveCfg = Release|Any CPU
		{96A3C04C-0131-4D25-BDD7-191207B8AB6D}.Release|Any CPU.Build.0 = Release|Any CPU
	EndGlobalSection
	GlobalSection(SolutionProperties) = preSolution
		HideSolutionNode = FALSE
	EndGlobalSection
	GlobalSection(ExtensibilityGlobals) = postSolution
		SolutionGuid = {B51D2AC8-35ED-4DBF-91AF-9B59C1D25217}
	EndGlobalSection
EndGlobal
